
Microsoft Visual Studio Solution File, Format Version 12.00
# Visual Studio 15
VisualStudioVersion = 15.0.27130.2003
MinimumVisualStudioVersion = 10.0.40219.1
Project("{FAE04EC0-301F-11D3-BF4B-00C04F79EFBC}") = "HelloWorld", "HelloWorld\HelloWorld.csproj", "{E5150FC6-8B70-4C92-A214-EDA3BCC4121B}"
EndProject
Project("{FAE04EC0-301F-11D3-BF4B-00C04F79EFBC}") = "Variables", "Mathematics\Variables.csproj", "{592583C9-D1A6-4F02-A8F4-8A4BC1CF6D22}"
EndProject
Project("{FAE04EC0-301F-11D3-BF4B-00C04F79EFBC}") = "Strings", "Strings\Strings.csproj", "{F34EA749-91DC-4E07-98A8-41C458939D88}"
EndProject
Project("{2150E333-8FDC-42A3-9474-1A3956D46DE8}") = "_Kontorted", "_Kontorted", "{B2726EB4-A7DC-43FD-A807-6F459397C1CA}"
EndProject
Project("{FAE04EC0-301F-11D3-BF4B-00C04F79EFBC}") = "Decisions", "Decisions\Decisions.csproj", "{2A96A7ED-B06E-4676-8FD3-8ED760759B23}"
EndProject
Project("{FAE04EC0-301F-11D3-BF4B-00C04F79EFBC}") = "For Loops", "For Loops\For Loops.csproj", "{DE0E1284-6B12-460B-B8A2-75F86B64E43D}"
EndProject
Project("{FAE04EC0-301F-11D3-BF4B-00C04F79EFBC}") = "Calculator", "Calculator\Calculator.csproj", "{C9AB06C0-2C23-4D46-AF28-0735B8467952}"
EndProject
Project("{FAE04EC0-301F-11D3-BF4B-00C04F79EFBC}") = "Methods", "Methods\Methods.csproj", "{FFD8F570-4021-494F-B68A-67B1C669035B}"
EndProject
Project("{FAE04EC0-301F-11D3-BF4B-00C04F79EFBC}") = "Exceptions", "StoringData\Exceptions.csproj", "{6B9C0750-F1C7-48DC-9E74-5CFDD7C7B436}"
EndProject
Project("{FAE04EC0-301F-11D3-BF4B-00C04F79EFBC}") = "Arrays", "Arrays\Arrays.csproj", "{A152D56E-E85E-45A4-BD40-A56FA1C3DA4C}"
EndProject
Project("{FAE04EC0-301F-11D3-BF4B-00C04F79EFBC}") = "Classes", "Classes\Classes.csproj", "{23ADDF33-7F13-4B08-854D-45A27C38361F}"
EndProject
Project("{FAE04EC0-301F-11D3-BF4B-00C04F79EFBC}") = "Try, Catch and Finally", "Try, Catch and Finally\Try, Catch and Finally.csproj", "{AA8D2E32-A84C-4215-A9B9-86570A46CC03}"
EndProject
Global
	GlobalSection(SolutionConfigurationPlatforms) = preSolution
		Debug|Any CPU = Debug|Any CPU
		Release|Any CPU = Release|Any CPU
	EndGlobalSection
	GlobalSection(ProjectConfigurationPlatforms) = postSolution
		{E5150FC6-8B70-4C92-A214-EDA3BCC4121B}.Debug|Any CPU.ActiveCfg = Debug|Any CPU
		{E5150FC6-8B70-4C92-A214-EDA3BCC4121B}.Debug|Any CPU.Build.0 = Debug|Any CPU
		{E5150FC6-8B70-4C92-A214-EDA3BCC4121B}.Debug|Any CPU.Deploy.0 = Debug|Any CPU
		{E5150FC6-8B70-4C92-A214-EDA3BCC4121B}.Release|Any CPU.ActiveCfg = Debug|Any CPU
		{E5150FC6-8B70-4C92-A214-EDA3BCC4121B}.Release|Any CPU.Build.0 = Debug|Any CPU
		{592583C9-D1A6-4F02-A8F4-8A4BC1CF6D22}.Debug|Any CPU.ActiveCfg = Debug|Any CPU
		{592583C9-D1A6-4F02-A8F4-8A4BC1CF6D22}.Debug|Any CPU.Build.0 = Debug|Any CPU
		{592583C9-D1A6-4F02-A8F4-8A4BC1CF6D22}.Release|Any CPU.ActiveCfg = Release|Any CPU
		{592583C9-D1A6-4F02-A8F4-8A4BC1CF6D22}.Release|Any CPU.Build.0 = Release|Any CPU
		{F34EA749-91DC-4E07-98A8-41C458939D88}.Debug|Any CPU.ActiveCfg = Debug|Any CPU
		{F34EA749-91DC-4E07-98A8-41C458939D88}.Debug|Any CPU.Build.0 = Debug|Any CPU
		{F34EA749-91DC-4E07-98A8-41C458939D88}.Release|Any CPU.ActiveCfg = Release|Any CPU
		{F34EA749-91DC-4E07-98A8-41C458939D88}.Release|Any CPU.Build.0 = Release|Any CPU
		{2A96A7ED-B06E-4676-8FD3-8ED760759B23}.Debug|Any CPU.ActiveCfg = Debug|Any CPU
		{2A96A7ED-B06E-4676-8FD3-8ED760759B23}.Debug|Any CPU.Build.0 = Debug|Any CPU
		{2A96A7ED-B06E-4676-8FD3-8ED760759B23}.Release|Any CPU.ActiveCfg = Release|Any CPU
		{2A96A7ED-B06E-4676-8FD3-8ED760759B23}.Release|Any CPU.Build.0 = Release|Any CPU
		{DE0E1284-6B12-460B-B8A2-75F86B64E43D}.Debug|Any CPU.ActiveCfg = Debug|Any CPU
		{DE0E1284-6B12-460B-B8A2-75F86B64E43D}.Debug|Any CPU.Build.0 = Debug|Any CPU
		{DE0E1284-6B12-460B-B8A2-75F86B64E43D}.Release|Any CPU.ActiveCfg = Release|Any CPU
		{DE0E1284-6B12-460B-B8A2-75F86B64E43D}.Release|Any CPU.Build.0 = Release|Any CPU
		{C9AB06C0-2C23-4D46-AF28-0735B8467952}.Debug|Any CPU.ActiveCfg = Debug|Any CPU
		{C9AB06C0-2C23-4D46-AF28-0735B8467952}.Debug|Any CPU.Build.0 = Debug|Any CPU
		{C9AB06C0-2C23-4D46-AF28-0735B8467952}.Release|Any CPU.ActiveCfg = Release|Any CPU
		{C9AB06C0-2C23-4D46-AF28-0735B8467952}.Release|Any CPU.Build.0 = Release|Any CPU
		{FFD8F570-4021-494F-B68A-67B1C669035B}.Debug|Any CPU.ActiveCfg = Debug|Any CPU
		{FFD8F570-4021-494F-B68A-67B1C669035B}.Debug|Any CPU.Build.0 = Debug|Any CPU
		{FFD8F570-4021-494F-B68A-67B1C669035B}.Release|Any CPU.ActiveCfg = Release|Any CPU
		{FFD8F570-4021-494F-B68A-67B1C669035B}.Release|Any CPU.Build.0 = Release|Any CPU
		{6B9C0750-F1C7-48DC-9E74-5CFDD7C7B436}.Debug|Any CPU.ActiveCfg = Debug|Any CPU
		{6B9C0750-F1C7-48DC-9E74-5CFDD7C7B436}.Debug|Any CPU.Build.0 = Debug|Any CPU
		{6B9C0750-F1C7-48DC-9E74-5CFDD7C7B436}.Release|Any CPU.ActiveCfg = Release|Any CPU
		{6B9C0750-F1C7-48DC-9E74-5CFDD7C7B436}.Release|Any CPU.Build.0 = Release|Any CPU
		{A152D56E-E85E-45A4-BD40-A56FA1C3DA4C}.Debug|Any CPU.ActiveCfg = Debug|Any CPU
		{A152D56E-E85E-45A4-BD40-A56FA1C3DA4C}.Debug|Any CPU.Build.0 = Debug|Any CPU
		{A152D56E-E85E-45A4-BD40-A56FA1C3DA4C}.Release|Any CPU.ActiveCfg = Release|Any CPU
		{A152D56E-E85E-45A4-BD40-A56FA1C3DA4C}.Release|Any CPU.Build.0 = Release|Any CPU
		{23ADDF33-7F13-4B08-854D-45A27C38361F}.Debug|Any CPU.ActiveCfg = Debug|Any CPU
		{23ADDF33-7F13-4B08-854D-45A27C38361F}.Debug|Any CPU.Build.0 = Debug|Any CPU
		{23ADDF33-7F13-4B08-854D-45A27C38361F}.Release|Any CPU.ActiveCfg = Release|Any CPU
		{23ADDF33-7F13-4B08-854D-45A27C38361F}.Release|Any CPU.Build.0 = Release|Any CPU
		{AA8D2E32-A84C-4215-A9B9-86570A46CC03}.Debug|Any CPU.ActiveCfg = Debug|Any CPU
		{AA8D2E32-A84C-4215-A9B9-86570A46CC03}.Debug|Any CPU.Build.0 = Debug|Any CPU
		{AA8D2E32-A84C-4215-A9B9-86570A46CC03}.Release|Any CPU.ActiveCfg = Release|Any CPU
		{AA8D2E32-A84C-4215-A9B9-86570A46CC03}.Release|Any CPU.Build.0 = Release|Any CPU
	EndGlobalSection
	GlobalSection(SolutionProperties) = preSolution
		HideSolutionNode = FALSE
	EndGlobalSection
	GlobalSection(NestedProjects) = preSolution
		{E5150FC6-8B70-4C92-A214-EDA3BCC4121B} = {B2726EB4-A7DC-43FD-A807-6F459397C1CA}
		{592583C9-D1A6-4F02-A8F4-8A4BC1CF6D22} = {B2726EB4-A7DC-43FD-A807-6F459397C1CA}
		{F34EA749-91DC-4E07-98A8-41C458939D88} = {B2726EB4-A7DC-43FD-A807-6F459397C1CA}
		{2A96A7ED-B06E-4676-8FD3-8ED760759B23} = {B2726EB4-A7DC-43FD-A807-6F459397C1CA}
		{DE0E1284-6B12-460B-B8A2-75F86B64E43D} = {B2726EB4-A7DC-43FD-A807-6F459397C1CA}
		{C9AB06C0-2C23-4D46-AF28-0735B8467952} = {B2726EB4-A7DC-43FD-A807-6F459397C1CA}
		{FFD8F570-4021-494F-B68A-67B1C669035B} = {B2726EB4-A7DC-43FD-A807-6F459397C1CA}
		{6B9C0750-F1C7-48DC-9E74-5CFDD7C7B436} = {B2726EB4-A7DC-43FD-A807-6F459397C1CA}
		{A152D56E-E85E-45A4-BD40-A56FA1C3DA4C} = {B2726EB4-A7DC-43FD-A807-6F459397C1CA}
		{23ADDF33-7F13-4B08-854D-45A27C38361F} = {B2726EB4-A7DC-43FD-A807-6F459397C1CA}
		{AA8D2E32-A84C-4215-A9B9-86570A46CC03} = {B2726EB4-A7DC-43FD-A807-6F459397C1CA}
	EndGlobalSection
	GlobalSection(ExtensibilityGlobals) = postSolution
		SolutionGuid = {7F78D52E-E461-440A-9E36-9701FD60FE56}
	EndGlobalSection
EndGlobal
